# This file is automatically @generated by Cargo.
# It is not intended for manual editing.
version = 4

[[package]]
name = "arandu-cli"
version = "0.3.0"
dependencies = [
 "arandu-confluence",
 "arandu-core",
 "arandu-model",
 "arandu-navigation",
]

[[package]]
name = "arandu-confluence"
version = "0.3.0"

[[package]]
name = "arandu-core"
version = "0.3.0"
dependencies = [
 "arandu-confluence",
 "arandu-geometry",
 "arandu-model",
 "arandu-navigation",
 "arandu-platform-api",
]

[[package]]
name = "arandu-geometry"
version = "0.3.0"
dependencies = [
 "arandu-model",
]

[[package]]
name = "arandu-input-api"
version = "0.3.0"
dependencies = [
 "arandu-model",
 "arandu-navigation",
]

[[package]]
name = "arandu-model"
version = "0.3.0"

[[package]]
name = "arandu-navigation"
version = "0.3.0"
dependencies = [
 "arandu-model",
]

[[package]]
name = "arandu-platform-api"
version = "0.3.0"
dependencies = [
 "arandu-model",
]
